
Microsoft Visual Studio Solution File, Format Version 12.00
Project("{FAE04EC0-301F-11D3-BF4B-00C04F79EFBC}") = "CoffeeMachine.Code", "CoffeeMachine.Code\CoffeeMachine.Code.csproj", "{888AD320-E957-4768-8B38-D9A526515740}"
EndProject
Project("{FAE04EC0-301F-11D3-BF4B-00C04F79EFBC}") = "CoffeeMachine.Tests", "CoffeeMachine.Tests\CoffeeMachine.Tests.csproj", "{F1781D04-FA79-4614-882E-A5DD5D30F39C}"
EndProject
Global
	GlobalSection(SolutionConfigurationPlatforms) = preSolution
		Debug|Any CPU = Debug|Any CPU
		Release|Any CPU = Release|Any CPU
	EndGlobalSection
	GlobalSection(ProjectConfigurationPlatforms) = postSolution
		{888AD320-E957-4768-8B38-D9A526515740}.Debug|Any CPU.ActiveCfg = Debug|Any CPU
		{888AD320-E957-4768-8B38-D9A526515740}.Debug|Any CPU.Build.0 = Debug|Any CPU
		{888AD320-E957-4768-8B38-D9A526515740}.Release|Any CPU.ActiveCfg = Release|Any CPU
		{888AD320-E957-4768-8B38-D9A526515740}.Release|Any CPU.Build.0 = Release|Any CPU
		{F1781D04-FA79-4614-882E-A5DD5D30F39C}.Debug|Any CPU.ActiveCfg = Debug|Any CPU
		{F1781D04-FA79-4614-882E-A5DD5D30F39C}.Debug|Any CPU.Build.0 = Debug|Any CPU
		{F1781D04-FA79-4614-882E-A5DD5D30F39C}.Release|Any CPU.ActiveCfg = Release|Any CPU
		{F1781D04-FA79-4614-882E-A5DD5D30F39C}.Release|Any CPU.Build.0 = Release|Any CPU
	EndGlobalSection
EndGlobal
